
Microsoft Visual Studio Solution File, Format Version 12.00
# Visual Studio Version 17
VisualStudioVersion = 17.8.34316.72
MinimumVisualStudioVersion = 10.0.40219.1
Project("{FAE04EC0-301F-11D3-BF4B-00C04F79EFBC}") = "ovningSelection", "ovningSelection.csproj", "{60B81512-67B2-4BA4-B721-FC78849FF8B7}"
EndProject
Global
	GlobalSection(SolutionConfigurationPlatforms) = preSolution
		Debug|Any CPU = Debug|Any CPU
		Release|Any CPU = Release|Any CPU
	EndGlobalSection
	GlobalSection(ProjectConfigurationPlatforms) = postSolution
		{60B81512-67B2-4BA4-B721-FC78849FF8B7}.Debug|Any CPU.ActiveCfg = Debug|Any CPU
		{60B81512-67B2-4BA4-B721-FC78849FF8B7}.Debug|Any CPU.Build.0 = Debug|Any CPU
		{60B81512-67B2-4BA4-B721-FC78849FF8B7}.Release|Any CPU.ActiveCfg = Release|Any CPU
		{60B81512-67B2-4BA4-B721-FC78849FF8B7}.Release|Any CPU.Build.0 = Release|Any CPU
	EndGlobalSection
	GlobalSection(SolutionProperties) = preSolution
		HideSolutionNode = FALSE
	EndGlobalSection
	GlobalSection(ExtensibilityGlobals) = postSolution
		SolutionGuid = {C5E007E3-1911-449F-9E16-C20EA0768A6B}
	EndGlobalSection
EndGlobal
